
Microsoft Visual Studio Solution File, Format Version 12.00
# Visual Studio 15
VisualStudioVersion = 15.0.26730.16
MinimumVisualStudioVersion = 10.0.40219.1
Project("{FAE04EC0-301F-11D3-BF4B-00C04F79EFBC}") = "unn3", "unn3\unn3.csproj", "{03A8CE88-9AA9-457F-8316-BB79EDF11E77}"
EndProject
Global
	GlobalSection(SolutionConfigurationPlatforms) = preSolution
		Debug|Any CPU = Debug|Any CPU
		Release|Any CPU = Release|Any CPU
	EndGlobalSection
	GlobalSection(ProjectConfigurationPlatforms) = postSolution
		{03A8CE88-9AA9-457F-8316-BB79EDF11E77}.Debug|Any CPU.ActiveCfg = Debug|Any CPU
		{03A8CE88-9AA9-457F-8316-BB79EDF11E77}.Debug|Any CPU.Build.0 = Debug|Any CPU
		{03A8CE88-9AA9-457F-8316-BB79EDF11E77}.Release|Any CPU.ActiveCfg = Release|Any CPU
		{03A8CE88-9AA9-457F-8316-BB79EDF11E77}.Release|Any CPU.Build.0 = Release|Any CPU
	EndGlobalSection
	GlobalSection(SolutionProperties) = preSolution
		HideSolutionNode = FALSE
	EndGlobalSection
	GlobalSection(ExtensibilityGlobals) = postSolution
		SolutionGuid = {CC3BB7FA-3150-4D81-8037-B2EC1ED5249C}
	EndGlobalSection
EndGlobal
